
Microsoft Visual Studio Solution File, Format Version 12.00
# Visual Studio Version 17
VisualStudioVersion = 17.10.35122.118
MinimumVisualStudioVersion = 10.0.40219.1
Project("{FAE04EC0-301F-11D3-BF4B-00C04F79EFBC}") = "RecipeApplication", "RecipeApplication\RecipeApplication.csproj", "{BA1A4145-D109-4608-8A39-F0D7BCB95694}"
EndProject
Global
	GlobalSection(SolutionConfigurationPlatforms) = preSolution
		Debug|Any CPU = Debug|Any CPU
		Release|Any CPU = Release|Any CPU
	EndGlobalSection
	GlobalSection(ProjectConfigurationPlatforms) = postSolution
		{BA1A4145-D109-4608-8A39-F0D7BCB95694}.Debug|Any CPU.ActiveCfg = Debug|Any CPU
		{BA1A4145-D109-4608-8A39-F0D7BCB95694}.Debug|Any CPU.Build.0 = Debug|Any CPU
		{BA1A4145-D109-4608-8A39-F0D7BCB95694}.Release|Any CPU.ActiveCfg = Release|Any CPU
		{BA1A4145-D109-4608-8A39-F0D7BCB95694}.Release|Any CPU.Build.0 = Release|Any CPU
	EndGlobalSection
	GlobalSection(SolutionProperties) = preSolution
		HideSolutionNode = FALSE
	EndGlobalSection
	GlobalSection(ExtensibilityGlobals) = postSolution
		SolutionGuid = {EA64A43D-0DCD-42A7-AD1E-CD30B8748825}
	EndGlobalSection
EndGlobal
